
Microsoft Visual Studio Solution File, Format Version 12.00
# Visual Studio Version 17
VisualStudioVersion = 17.10.35013.160
MinimumVisualStudioVersion = 10.0.40219.1
Project("{9092AA53-FB77-4645-B42D-1CCCA6BD08BD}") = "DaireninAlani", "DaireninAlani\DaireninAlani.njsproj", "{22056367-28D1-4396-A9CE-3394B082EA9A}"
EndProject
Global
	GlobalSection(SolutionConfigurationPlatforms) = preSolution
		Debug|Any CPU = Debug|Any CPU
		Release|Any CPU = Release|Any CPU
	EndGlobalSection
	GlobalSection(ProjectConfigurationPlatforms) = postSolution
		{22056367-28D1-4396-A9CE-3394B082EA9A}.Debug|Any CPU.ActiveCfg = Debug|Any CPU
		{22056367-28D1-4396-A9CE-3394B082EA9A}.Debug|Any CPU.Build.0 = Debug|Any CPU
		{22056367-28D1-4396-A9CE-3394B082EA9A}.Release|Any CPU.ActiveCfg = Release|Any CPU
		{22056367-28D1-4396-A9CE-3394B082EA9A}.Release|Any CPU.Build.0 = Release|Any CPU
	EndGlobalSection
	GlobalSection(SolutionProperties) = preSolution
		HideSolutionNode = FALSE
	EndGlobalSection
	GlobalSection(ExtensibilityGlobals) = postSolution
		SolutionGuid = {4F5FC5F0-E497-4A91-A560-9798427089ED}
	EndGlobalSection
EndGlobal
